
Microsoft Visual Studio Solution File, Format Version 12.00
# Visual Studio Version 16
VisualStudioVersion = 16.0.31313.79
MinimumVisualStudioVersion = 10.0.40219.1
Project("{FAE04EC0-301F-11D3-BF4B-00C04F79EFBC}") = "WebApplicationForDiplom", "WebApplicationForDiplom\WebApplicationForDiplom.csproj", "{E342983F-92B9-4F11-8B20-E6311F254F75}"
EndProject
Global
	GlobalSection(SolutionConfigurationPlatforms) = preSolution
		Debug|Any CPU = Debug|Any CPU
		Release|Any CPU = Release|Any CPU
	EndGlobalSection
	GlobalSection(ProjectConfigurationPlatforms) = postSolution
		{E342983F-92B9-4F11-8B20-E6311F254F75}.Debug|Any CPU.ActiveCfg = Debug|Any CPU
		{E342983F-92B9-4F11-8B20-E6311F254F75}.Debug|Any CPU.Build.0 = Debug|Any CPU
		{E342983F-92B9-4F11-8B20-E6311F254F75}.Release|Any CPU.ActiveCfg = Release|Any CPU
		{E342983F-92B9-4F11-8B20-E6311F254F75}.Release|Any CPU.Build.0 = Release|Any CPU
	EndGlobalSection
	GlobalSection(SolutionProperties) = preSolution
		HideSolutionNode = FALSE
	EndGlobalSection
	GlobalSection(ExtensibilityGlobals) = postSolution
		SolutionGuid = {14DE4A40-593D-4A9A-BB9A-27AF36BE9BA9}
	EndGlobalSection
EndGlobal
